# This file was autogenerated by Stack.
# You should not edit this file by hand.
# For more information, please see the documentation at:
#   https://docs.haskellstack.org/en/stable/lock_files

packages:
- completed:
    hackage: slack-web-0.3.0.0@sha256:b57a8ef9b711f09a02436766f3e636ce5737a4b4d616631b99e767f08250e494,2573
    pantry-tree:
      size: 1281
      sha256: 691ef98c6ce793ecbe5de2eb8586ce507608711e7fb5ca4f2df0a88589686323
  original:
    hackage: slack-web-0.3.0.0
snapshots:
- completed:
    size: 585817
    url: https://raw.githubusercontent.com/commercialhaskell/stackage-snapshots/master/lts/18/4.yaml
    sha256: ea3a318eafa9e9cc56bfbe46099fd0d54d32641ab7bbe1d182ed8f5de39f804c
  original:
    url: https://raw.githubusercontent.com/commercialhaskell/stackage-snapshots/master/lts/18/4.yaml
